
Microsoft Visual Studio Solution File, Format Version 12.00
# Visual Studio Version 16
VisualStudioVersion = 16.0.30804.86
MinimumVisualStudioVersion = 10.0.40219.1
Project("{FAE04EC0-301F-11D3-BF4B-00C04F79EFBC}") = "CMS", "CMS\CMS.csproj", "{E791597C-3414-4937-B3EA-891D5DE4651C}"
EndProject
Project("{FAE04EC0-301F-11D3-BF4B-00C04F79EFBC}") = "Utils", "Utils\Utils.csproj", "{6F945CFD-F873-4100-9143-A511DD86FF75}"
EndProject
Global
	GlobalSection(SolutionConfigurationPlatforms) = preSolution
		Debug|Any CPU = Debug|Any CPU
		Release|Any CPU = Release|Any CPU
	EndGlobalSection
	GlobalSection(ProjectConfigurationPlatforms) = postSolution
		{E791597C-3414-4937-B3EA-891D5DE4651C}.Debug|Any CPU.ActiveCfg = Debug|Any CPU
		{E791597C-3414-4937-B3EA-891D5DE4651C}.Debug|Any CPU.Build.0 = Debug|Any CPU
		{E791597C-3414-4937-B3EA-891D5DE4651C}.Release|Any CPU.ActiveCfg = Release|Any CPU
		{E791597C-3414-4937-B3EA-891D5DE4651C}.Release|Any CPU.Build.0 = Release|Any CPU
		{6F945CFD-F873-4100-9143-A511DD86FF75}.Debug|Any CPU.ActiveCfg = Debug|Any CPU
		{6F945CFD-F873-4100-9143-A511DD86FF75}.Debug|Any CPU.Build.0 = Debug|Any CPU
		{6F945CFD-F873-4100-9143-A511DD86FF75}.Release|Any CPU.ActiveCfg = Release|Any CPU
		{6F945CFD-F873-4100-9143-A511DD86FF75}.Release|Any CPU.Build.0 = Release|Any CPU
	EndGlobalSection
	GlobalSection(SolutionProperties) = preSolution
		HideSolutionNode = FALSE
	EndGlobalSection
	GlobalSection(ExtensibilityGlobals) = postSolution
		SolutionGuid = {EDDE08BE-A1B3-42D5-ADA8-34F57BB1118C}
	EndGlobalSection
EndGlobal
